github.com/franela/goblin v0.0.0-20211003143422-0a4f594942bf h1:NrF81UtW8gG2LBGkXFQFqlfNnvMt9WdB46sfdJY4oqc=
github.com/franela/goblin v0.0.0-20211003143422-0a4f594942bf/go.mod h1:VzmDKDJVZI3aJmnRI9VjAn9nJ8qPPsN1fqzr9dqInIo=
github.com/intdxdt/dbits v1.0.0/go.mod h1:qWY/+f1r0hePqFtMvbb1UnM5qWb5ppGmi+2XgJ1VWVQ=
github.com/intdxdt/dbits v1.0.1 h1:Xx1N1ZOeZhtP9HAQkqCUvgJrlpZKgnElJwUptHsduIg=
github.com/intdxdt/math v1.1.0 h1:xY91Vn4O+BQHpRvL/9bRB5uTzx2AiZuSvmX7dEZFfKw=
github.com/intdxdt/math v1.1.0/go.mod h1:bahlwnDeXJatMqSX8f6VUEG+3kUoZC1G9RqhJ6+DI0Q=
github.com/intdxdt/robust v1.0.1 h1:WyyYY3C011oBAYFzBQodY+edhJTalSTrGQIEL+fZgFk=
github.com/intdxdt/robust v1.0.1/go.mod h1:vfmLO6zLX5kmDeZpZ1RwShtncYZszKySQVk8aOdaNOk=
github.com/intdxdt/twiddle v1.0.0/go.mod h1:SOM5zV/wCJBghQXBBoOEqP7r6EqhVqs8E0ohktuN4qo=
github.com/intdxdt/twiddle v1.0.1 h1:UTyO0Gcb39cE+Ofm75Qs7HUO/gNqBnethjCI7OjTR/g=
golang.org/x/exp v0.0.0-20230801115018-d63ba01acd4b h1:r+vk0EmXNmekl0S0BascoeeoHk/L7wmaW2QF90K+kYI=
golang.org/x/exp v0.0.0-20230801115018-d63ba01acd4b/go.mod h1:FXUEEKJgO7OQYeo8N01OfiKP8RXMtf6e8aTskBGqWdc=
